<Solution>
  <Folder Name="/src/">
    <Project Path="src/ShoppeeEcommerce.MVC.Customer/ShoppeeEcommerce.MVC.Customer.csproj" Id="92441792-121f-4eee-9f79-adc72169b14c" />
    <Project Path="src/ShoppeeEcommerce.SharedViewModels/ShoppeeEcommerce.SharedViewModels.csproj" />
    <Project Path="src/ShoppeeEcommerce.WebAPI/ShoppeeEcommerce.WebAPI.csproj" Id="8c4190f7-9c48-4112-8fa9-7bfcb59c0934" />
  </Folder>
</Solution>
